
Microsoft Visual Studio Solution File, Format Version 12.00
# Visual Studio Version 16
VisualStudioVersion = 16.0.30907.101
MinimumVisualStudioVersion = 10.0.40219.1
Project("{FAE04EC0-301F-11D3-BF4B-00C04F79EFBC}") = "PlayerUI", "PlayerUI\PlayerUI.csproj", "{B35699BE-FF4A-412A-9DFC-2CA762756847}"
EndProject
Global
	GlobalSection(SolutionConfigurationPlatforms) = preSolution
		Debug|Any CPU = Debug|Any CPU
		Release|Any CPU = Release|Any CPU
	EndGlobalSection
	GlobalSection(ProjectConfigurationPlatforms) = postSolution
		{B35699BE-FF4A-412A-9DFC-2CA762756847}.Debug|Any CPU.ActiveCfg = Debug|Any CPU
		{B35699BE-FF4A-412A-9DFC-2CA762756847}.Debug|Any CPU.Build.0 = Debug|Any CPU
		{B35699BE-FF4A-412A-9DFC-2CA762756847}.Release|Any CPU.ActiveCfg = Release|Any CPU
		{B35699BE-FF4A-412A-9DFC-2CA762756847}.Release|Any CPU.Build.0 = Release|Any CPU
	EndGlobalSection
	GlobalSection(SolutionProperties) = preSolution
		HideSolutionNode = FALSE
	EndGlobalSection
	GlobalSection(ExtensibilityGlobals) = postSolution
		SolutionGuid = {4FE0735E-8793-4122-B345-3C92D3FFE158}
	EndGlobalSection
EndGlobal
